<?xml version="1.0" encoding="utf-8"?>
<Project ToolsVersion="4.0" xmlns="http://schemas.microsoft.com/developer/msbuild/2003">
  <ItemGroup>
    <Filter Include="Source Files">
      <UniqueIdentifier>{4FC737F1-C7A5-4376-A066-2A32D752A2FF}</UniqueIdentifier>
      <Extensions>cpp;c;cc;cxx;def;odl;idl;hpj;bat;asm;asmx</Extensions>
    </Filter>
    <Filter Include="Header Files">
      <UniqueIdentifier>{93995380-89BD-4b04-88EB-625FBE52EBFB}</UniqueIdentifier>
      <Extensions>h;hh;hpp;hxx;hm;inl;inc;xsd</Extensions>
    </Filter>
    <Filter Include="Docs">
      <UniqueIdentifier>{081c4b80-eea2-4c3c-8bcc-aff8281b820a}</UniqueIdentifier>
    </Filter>
    <Filter Include="Source Files\tests">
      <UniqueIdentifier>{662e7abf-802c-4330-8559-0488ca898c3a}</UniqueIdentifier>
    </Filter>
    <Filter Include="Header Files\details">
      <UniqueIdentifier>{6d9ae764-5947-440a-9f38-b879902ff701}</UniqueIdentifier>
    </Filter>
  </ItemGroup>
  <ItemGroup>
    <ClCompile Include="websocket-cpp.cpp">
      <Filter>Source Files</Filter>
    </ClCompile>
    <ClCompile Include="tests\base64_tests.cpp">
      <Filter>Source Files\tests</Filter>
    </ClCompile>
    <ClCompile Include="tests\handshake_tests.cpp">
      <Filter>Source Files\tests</Filter>
    </ClCompile>
    <ClCompile Include="tests\http_parser_tests.cpp">
      <Filter>Source Files\tests</Filter>
    </ClCompile>
    <ClCompile Include="tests\main.cpp">
      <Filter>Source Files\tests</Filter>
    </ClCompile>
    <ClCompile Include="tests\regression_tests.cpp">
      <Filter>Source Files\tests</Filter>
    </ClCompile>
    <ClCompile Include="tests\sha1_tests.cpp">
      <Filter>Source Files\tests</Filter>
    </ClCompile>
    <ClCompile Include="tests\FrameReceiver_tests.cpp">
      <Filter>Source Files\tests</Filter>
    </ClCompile>
  </ItemGroup>
  <ItemGroup>
    <ClInclude Include="details\base64.hpp">
      <Filter>Header Files\details</Filter>
    </ClInclude>
    <ClInclude Include="details\handshake.hpp">
      <Filter>Header Files\details</Filter>
    </ClInclude>
    <ClInclude Include="details\http.hpp">
      <Filter>Header Files\details</Filter>
    </ClInclude>
    <ClInclude Include="details\http_parser.hpp">
      <Filter>Header Files\details</Filter>
    </ClInclude>
    <ClInclude Include="details\sha1.hpp">
      <Filter>Header Files\details</Filter>
    </ClInclude>
    <ClInclude Include="tests\catch_wrap.hpp">
      <Filter>Source Files\tests</Filter>
    </ClInclude>
    <ClInclude Include="details\FrameReceiver.hpp">
      <Filter>Header Files\details</Filter>
    </ClInclude>
    <ClInclude Include="details\Connection.hpp">
      <Filter>Header Files\details</Filter>
    </ClInclude>
    <ClInclude Include="server_fwd.hpp">
      <Filter>Header Files</Filter>
    </ClInclude>
    <ClInclude Include="ServerImpl.hpp">
      <Filter>Header Files</Filter>
    </ClInclude>
    <ClInclude Include="Server.hpp">
      <Filter>Header Files</Filter>
    </ClInclude>
    <ClInclude Include="server_src.hpp">
      <Filter>Header Files</Filter>
    </ClInclude>
  </ItemGroup>
  <ItemGroup>
    <Text Include="docs\rfc2616.txt">
      <Filter>Docs</Filter>
    </Text>
    <Text Include="docs\rfc6455.txt">
      <Filter>Docs</Filter>
    </Text>
  </ItemGroup>
  <ItemGroup>
    <None Include="README.md" />
  </ItemGroup>
</Project>